
Microsoft Visual Studio Solution File, Format Version 12.00
# Visual Studio 15
VisualStudioVersion = 15.0.28307.329
MinimumVisualStudioVersion = 10.0.40219.1
Project("{FAE04EC0-301F-11D3-BF4B-00C04F79EFBC}") = "Bibloteka", "Bibloteka\Bibloteka.csproj", "{AA532445-974B-4B3E-9AB0-0FB3154B03EE}"
EndProject
Global
	GlobalSection(SolutionConfigurationPlatforms) = preSolution
		Debug|Any CPU = Debug|Any CPU
		Release|Any CPU = Release|Any CPU
	EndGlobalSection
	GlobalSection(ProjectConfigurationPlatforms) = postSolution
		{AA532445-974B-4B3E-9AB0-0FB3154B03EE}.Debug|Any CPU.ActiveCfg = Debug|Any CPU
		{AA532445-974B-4B3E-9AB0-0FB3154B03EE}.Debug|Any CPU.Build.0 = Debug|Any CPU
		{AA532445-974B-4B3E-9AB0-0FB3154B03EE}.Release|Any CPU.ActiveCfg = Release|Any CPU
		{AA532445-974B-4B3E-9AB0-0FB3154B03EE}.Release|Any CPU.Build.0 = Release|Any CPU
	EndGlobalSection
	GlobalSection(SolutionProperties) = preSolution
		HideSolutionNode = FALSE
	EndGlobalSection
	GlobalSection(ExtensibilityGlobals) = postSolution
		SolutionGuid = {38B7BF88-9D8F-4322-9664-42177AB37E8E}
	EndGlobalSection
EndGlobal
